
Microsoft Visual Studio Solution File, Format Version 12.00
# Visual Studio Version 16
VisualStudioVersion = 16.0.30413.136
MinimumVisualStudioVersion = 10.0.40219.1
Project("{FAE04EC0-301F-11D3-BF4B-00C04F79EFBC}") = "Iteration Statements - Project 2a", "Iteration Statements - Project 2a.csproj", "{F576C2B7-25EE-4EC1-9547-642FAF601B83}"
EndProject
Global
	GlobalSection(SolutionConfigurationPlatforms) = preSolution
		Debug|Any CPU = Debug|Any CPU
		Release|Any CPU = Release|Any CPU
	EndGlobalSection
	GlobalSection(ProjectConfigurationPlatforms) = postSolution
		{F576C2B7-25EE-4EC1-9547-642FAF601B83}.Debug|Any CPU.ActiveCfg = Debug|Any CPU
		{F576C2B7-25EE-4EC1-9547-642FAF601B83}.Debug|Any CPU.Build.0 = Debug|Any CPU
		{F576C2B7-25EE-4EC1-9547-642FAF601B83}.Release|Any CPU.ActiveCfg = Release|Any CPU
		{F576C2B7-25EE-4EC1-9547-642FAF601B83}.Release|Any CPU.Build.0 = Release|Any CPU
	EndGlobalSection
	GlobalSection(SolutionProperties) = preSolution
		HideSolutionNode = FALSE
	EndGlobalSection
	GlobalSection(ExtensibilityGlobals) = postSolution
		SolutionGuid = {D9260979-3352-4B17-B6BE-9AE0D47F4E00}
	EndGlobalSection
EndGlobal
